# Generated by skillfold. Commit this file; do not edit it by hand.
lockfileVersion: 1
skills:
  code-review:
    source: ./library/skills/code-review
  code-writing:
    source: ./library/skills/code-writing
  github-workflow:
    source: ./library/skills/github-workflow
  testing:
    source: ./library/skills/testing
compose:
  reviewer:
    use:
      - code-review
      - testing
    integrity: sha256-xMPEf6aGadep9tfw/y9rN4bvGc7y5VK/HENaExEgT8Q=
